
Microsoft Visual Studio Solution File, Format Version 12.00
# Visual Studio Version 16
VisualStudioVersion = 16.0.30804.86
MinimumVisualStudioVersion = 10.0.40219.1
Project("{9A19103F-16F7-4668-BE54-9A1E7A4F7556}") = "MMDHelpers.CSharp", "MMDHelpers.CSharp\MMDHelpers.CSharp.csproj", "{3C84501E-A24D-48C8-BB45-97409A58AD56}"
EndProject
Project("{9A19103F-16F7-4668-BE54-9A1E7A4F7556}") = "MMDHelpers.CSharp.LocalData", "MMDHelpers.CSharp.LocalData\MMDHelpers.CSharp.LocalData.csproj", "{741A4FEB-151C-4769-8894-6D126F3670D6}"
EndProject
Project("{9A19103F-16F7-4668-BE54-9A1E7A4F7556}") = "MMDHelpers.CSharp.LDAP", "MMDHelpers.CSharp.LDAP\MMDHelpers.CSharp.LDAP.csproj", "{E4516F6E-13BD-4FF7-96A6-6B1A34A3EAF8}"
EndProject
Project("{9A19103F-16F7-4668-BE54-9A1E7A4F7556}") = "MMDHelpers.CSharp.PerformanceChecks", "MMDHelpers.CSharp.PerformanceChecks\MMDHelpers.CSharp.PerformanceChecks.csproj", "{6E26F790-8BA9-492B-9B61-B76FCDF51BEA}"
EndProject
Project("{9A19103F-16F7-4668-BE54-9A1E7A4F7556}") = "MMDHelpers.CSharp.Performance.Grpc", "MMDHelpers.CSharp.Performance.Grpc\MMDHelpers.CSharp.Performance.Grpc.csproj", "{7DDF3ECA-D0DA-48DE-BBA5-7631118983C7}"
EndProject
Project("{9A19103F-16F7-4668-BE54-9A1E7A4F7556}") = "MMDHelpers.CSharp.Performance.GrpcClient", "MMDHelpers.CSharp.Performance.GrpcClient\MMDHelpers.CSharp.Performance.GrpcClient.csproj", "{E1BDE947-D2AF-44ED-A1E9-9DEBF81A705E}"
EndProject
Project("{9A19103F-16F7-4668-BE54-9A1E7A4F7556}") = "Benchmark", "Benchmark\Benchmark.csproj", "{8FC02456-B694-49F8-9545-76374DB22BB2}"
EndProject
Project("{9A19103F-16F7-4668-BE54-9A1E7A4F7556}") = "MMDHelpers.Tests", "MMDHelpers.Tests\MMDHelpers.Tests.csproj", "{3BF6A5A7-1790-48A3-AC98-B08C53DE5CBA}"
EndProject
Project("{9A19103F-16F7-4668-BE54-9A1E7A4F7556}") = "MMDHelpers.CSharp.DependencyInjection.Serilog", "MMDHelpers.CSharp.DependencyExtension\MMDHelpers.CSharp.DependencyInjection.Serilog.csproj", "{DB501A78-7F57-42D6-9EEC-1F723FDBC467}"
EndProject
Project("{2150E333-8FDC-42A3-9474-1A3956D46DE8}") = "TestConsoles", "TestConsoles", "{7CC696AC-CC46-4D1F-BF16-389DC504DAC8}"
EndProject
Project("{9A19103F-16F7-4668-BE54-9A1E7A4F7556}") = "ServiceOrchestration", "ServiceOrchestration\ServiceOrchestration.csproj", "{233A2EF8-1478-4CB8-9203-FDAD02C506BC}"
EndProject
Project("{FAE04EC0-301F-11D3-BF4B-00C04F79EFBC}") = "MMDHelpers.CSharp.LocalDB", "MMDHelpers.CSharp.LocalDB\MMDHelpers.CSharp.LocalDB.csproj", "{09EDD89E-6511-42E0-A1F7-4BB84EFDAF15}"
EndProject
Global
	GlobalSection(SolutionConfigurationPlatforms) = preSolution
		Debug|Any CPU = Debug|Any CPU
		Release|Any CPU = Release|Any CPU
	EndGlobalSection
	GlobalSection(ProjectConfigurationPlatforms) = postSolution
		{3C84501E-A24D-48C8-BB45-97409A58AD56}.Debug|Any CPU.ActiveCfg = Debug|Any CPU
		{3C84501E-A24D-48C8-BB45-97409A58AD56}.Debug|Any CPU.Build.0 = Debug|Any CPU
		{3C84501E-A24D-48C8-BB45-97409A58AD56}.Release|Any CPU.ActiveCfg = Release|Any CPU
		{3C84501E-A24D-48C8-BB45-97409A58AD56}.Release|Any CPU.Build.0 = Release|Any CPU
		{741A4FEB-151C-4769-8894-6D126F3670D6}.Debug|Any CPU.ActiveCfg = Debug|Any CPU
		{741A4FEB-151C-4769-8894-6D126F3670D6}.Debug|Any CPU.Build.0 = Debug|Any CPU
		{741A4FEB-151C-4769-8894-6D126F3670D6}.Release|Any CPU.ActiveCfg = Release|Any CPU
		{741A4FEB-151C-4769-8894-6D126F3670D6}.Release|Any CPU.Build.0 = Release|Any CPU
		{E4516F6E-13BD-4FF7-96A6-6B1A34A3EAF8}.Debug|Any CPU.ActiveCfg = Debug|Any CPU
		{E4516F6E-13BD-4FF7-96A6-6B1A34A3EAF8}.Debug|Any CPU.Build.0 = Debug|Any CPU
		{E4516F6E-13BD-4FF7-96A6-6B1A34A3EAF8}.Release|Any CPU.ActiveCfg = Release|Any CPU
		{E4516F6E-13BD-4FF7-96A6-6B1A34A3EAF8}.Release|Any CPU.Build.0 = Release|Any CPU
		{6E26F790-8BA9-492B-9B61-B76FCDF51BEA}.Debug|Any CPU.ActiveCfg = Debug|Any CPU
		{6E26F790-8BA9-492B-9B61-B76FCDF51BEA}.Debug|Any CPU.Build.0 = Debug|Any CPU
		{6E26F790-8BA9-492B-9B61-B76FCDF51BEA}.Release|Any CPU.ActiveCfg = Release|Any CPU
		{6E26F790-8BA9-492B-9B61-B76FCDF51BEA}.Release|Any CPU.Build.0 = Release|Any CPU
		{7DDF3ECA-D0DA-48DE-BBA5-7631118983C7}.Debug|Any CPU.ActiveCfg = Debug|Any CPU
		{7DDF3ECA-D0DA-48DE-BBA5-7631118983C7}.Debug|Any CPU.Build.0 = Debug|Any CPU
		{7DDF3ECA-D0DA-48DE-BBA5-7631118983C7}.Release|Any CPU.ActiveCfg = Release|Any CPU
		{7DDF3ECA-D0DA-48DE-BBA5-7631118983C7}.Release|Any CPU.Build.0 = Release|Any CPU
		{E1BDE947-D2AF-44ED-A1E9-9DEBF81A705E}.Debug|Any CPU.ActiveCfg = Debug|Any CPU
		{E1BDE947-D2AF-44ED-A1E9-9DEBF81A705E}.Debug|Any CPU.Build.0 = Debug|Any CPU
		{E1BDE947-D2AF-44ED-A1E9-9DEBF81A705E}.Release|Any CPU.ActiveCfg = Release|Any CPU
		{E1BDE947-D2AF-44ED-A1E9-9DEBF81A705E}.Release|Any CPU.Build.0 = Release|Any CPU
		{8FC02456-B694-49F8-9545-76374DB22BB2}.Debug|Any CPU.ActiveCfg = Debug|Any CPU
		{8FC02456-B694-49F8-9545-76374DB22BB2}.Debug|Any CPU.Build.0 = Debug|Any CPU
		{8FC02456-B694-49F8-9545-76374DB22BB2}.Release|Any CPU.ActiveCfg = Release|Any CPU
		{8FC02456-B694-49F8-9545-76374DB22BB2}.Release|Any CPU.Build.0 = Release|Any CPU
		{3BF6A5A7-1790-48A3-AC98-B08C53DE5CBA}.Debug|Any CPU.ActiveCfg = Debug|Any CPU
		{3BF6A5A7-1790-48A3-AC98-B08C53DE5CBA}.Debug|Any CPU.Build.0 = Debug|Any CPU
		{3BF6A5A7-1790-48A3-AC98-B08C53DE5CBA}.Release|Any CPU.ActiveCfg = Release|Any CPU
		{3BF6A5A7-1790-48A3-AC98-B08C53DE5CBA}.Release|Any CPU.Build.0 = Release|Any CPU
		{DB501A78-7F57-42D6-9EEC-1F723FDBC467}.Debug|Any CPU.ActiveCfg = Debug|Any CPU
		{DB501A78-7F57-42D6-9EEC-1F723FDBC467}.Debug|Any CPU.Build.0 = Debug|Any CPU
		{DB501A78-7F57-42D6-9EEC-1F723FDBC467}.Release|Any CPU.ActiveCfg = Release|Any CPU
		{DB501A78-7F57-42D6-9EEC-1F723FDBC467}.Release|Any CPU.Build.0 = Release|Any CPU
		{233A2EF8-1478-4CB8-9203-FDAD02C506BC}.Debug|Any CPU.ActiveCfg = Debug|Any CPU
		{233A2EF8-1478-4CB8-9203-FDAD02C506BC}.Debug|Any CPU.Build.0 = Debug|Any CPU
		{233A2EF8-1478-4CB8-9203-FDAD02C506BC}.Release|Any CPU.ActiveCfg = Release|Any CPU
		{233A2EF8-1478-4CB8-9203-FDAD02C506BC}.Release|Any CPU.Build.0 = Release|Any CPU
		{09EDD89E-6511-42E0-A1F7-4BB84EFDAF15}.Debug|Any CPU.ActiveCfg = Debug|Any CPU
		{09EDD89E-6511-42E0-A1F7-4BB84EFDAF15}.Debug|Any CPU.Build.0 = Debug|Any CPU
		{09EDD89E-6511-42E0-A1F7-4BB84EFDAF15}.Release|Any CPU.ActiveCfg = Release|Any CPU
		{09EDD89E-6511-42E0-A1F7-4BB84EFDAF15}.Release|Any CPU.Build.0 = Release|Any CPU
	EndGlobalSection
	GlobalSection(SolutionProperties) = preSolution
		HideSolutionNode = FALSE
	EndGlobalSection
	GlobalSection(NestedProjects) = preSolution
		{233A2EF8-1478-4CB8-9203-FDAD02C506BC} = {7CC696AC-CC46-4D1F-BF16-389DC504DAC8}
	EndGlobalSection
	GlobalSection(ExtensibilityGlobals) = postSolution
		SolutionGuid = {5D5AAA89-CB79-44D5-8859-1286D348C4BE}
	EndGlobalSection
EndGlobal
